
Microsoft Visual Studio Solution File, Format Version 12.00
# Visual Studio Version 16
VisualStudioVersion = 16.0.31112.23
MinimumVisualStudioVersion = 10.0.40219.1
Project("{FAE04EC0-301F-11D3-BF4B-00C04F79EFBC}") = "GROUP22", "GROUP22\GROUP22.csproj", "{937E65F6-9CBB-42E5-A4BB-BDE0587CF968}"
EndProject
Global
	GlobalSection(SolutionConfigurationPlatforms) = preSolution
		Debug|Any CPU = Debug|Any CPU
		Release|Any CPU = Release|Any CPU
	EndGlobalSection
	GlobalSection(ProjectConfigurationPlatforms) = postSolution
		{937E65F6-9CBB-42E5-A4BB-BDE0587CF968}.Debug|Any CPU.ActiveCfg = Debug|Any CPU
		{937E65F6-9CBB-42E5-A4BB-BDE0587CF968}.Debug|Any CPU.Build.0 = Debug|Any CPU
		{937E65F6-9CBB-42E5-A4BB-BDE0587CF968}.Release|Any CPU.ActiveCfg = Release|Any CPU
		{937E65F6-9CBB-42E5-A4BB-BDE0587CF968}.Release|Any CPU.Build.0 = Release|Any CPU
	EndGlobalSection
	GlobalSection(SolutionProperties) = preSolution
		HideSolutionNode = FALSE
	EndGlobalSection
	GlobalSection(ExtensibilityGlobals) = postSolution
		SolutionGuid = {29F4CDB0-4940-415F-A2AB-C5C32A312CD9}
	EndGlobalSection
EndGlobal
